
Microsoft Visual Studio Solution File, Format Version 12.00
# Visual Studio Version 17
VisualStudioVersion = 17.4.33103.184
MinimumVisualStudioVersion = 10.0.40219.1
Project("{FAE04EC0-301F-11D3-BF4B-00C04F79EFBC}") = "ChickenTreeCup", "ChickenTreeCup\ChickenTreeCup.csproj", "{60EBF00D-19BB-4103-BC08-61F59819A60B}"
EndProject
Global
	GlobalSection(SolutionConfigurationPlatforms) = preSolution
		Debug|Any CPU = Debug|Any CPU
		Release|Any CPU = Release|Any CPU
	EndGlobalSection
	GlobalSection(ProjectConfigurationPlatforms) = postSolution
		{60EBF00D-19BB-4103-BC08-61F59819A60B}.Debug|Any CPU.ActiveCfg = Debug|Any CPU
		{60EBF00D-19BB-4103-BC08-61F59819A60B}.Debug|Any CPU.Build.0 = Debug|Any CPU
		{60EBF00D-19BB-4103-BC08-61F59819A60B}.Release|Any CPU.ActiveCfg = Release|Any CPU
		{60EBF00D-19BB-4103-BC08-61F59819A60B}.Release|Any CPU.Build.0 = Release|Any CPU
	EndGlobalSection
	GlobalSection(SolutionProperties) = preSolution
		HideSolutionNode = FALSE
	EndGlobalSection
	GlobalSection(ExtensibilityGlobals) = postSolution
		SolutionGuid = {C5D124C8-C213-4D64-8657-DB4C4B27DB8B}
	EndGlobalSection
EndGlobal
